{
  "version": 4,
  "terraform_version": "1.13.3",
  "serial": 19,
  "lineage": "5bc9ee1b-b4e2-b38b-6649-b46e1942f682",
  "outputs": {
    "filename": {
      "value": "./dist/pet.txt",
      "type": "string"
    },
    "number": {
      "value": 62,
      "type": "number"
    },
    "pet_name": {
      "value": "test-holy-starling",
      "type": "string"
    }
  },
  "resources": [
    {
      "mode": "managed",
      "type": "local_file",
      "name": "number_file",
      "provider": "provider[\"registry.terraform.io/hashicorp/local\"]",
      "instances": [
        {
          "schema_version": 0,
          "attributes": {
            "content": "62",
            "content_base64": null,
            "content_base64sha256": "gbigP5foeHxT/hqGvaBCtvDemw7JwJNX4QfJm6TWlIo=",
            "content_base64sha512": "j5P0YTgI0WsZzFtWXeVYNbluR007B/DLHlg8b4lJhJesp7Z81FURYHL8y76RWhZZEawfu/McyGF9CZ3Y34PyEQ==",
            "content_md5": "44f683a84163b3523afe57c2e008bc8c",
            "content_sha1": "511a418e72591eb7e33f703f04c3fa16df6c90bd",
            "content_sha256": "81b8a03f97e8787c53fe1a86bda042b6f0de9b0ec9c09357e107c99ba4d6948a",
            "content_sha512": "8f93f4613808d16b19cc5b565de55835b96e474d3b07f0cb1e583c6f89498497aca7b67cd455116072fccbbe915a165911ac1fbbf31cc8617d099dd8df83f211",
            "directory_permission": "0777",
            "file_permission": "0777",
            "filename": "./dist/number.txt",
            "id": "511a418e72591eb7e33f703f04c3fa16df6c90bd",
            "sensitive_content": null,
            "source": null
          },
          "sensitive_attributes": [
            [
              {
                "type": "get_attr",
                "value": "sensitive_content"
              }
            ]
          ],
          "identity_schema_version": 0,
          "dependencies": [
            "random_integer.number"
          ]
        }
      ]
    },
    {
      "mode": "managed",
      "type": "local_file",
      "name": "password_file",
      "provider": "provider[\"registry.terraform.io/hashicorp/local\"]",
      "instances": [
        {
          "schema_version": 0,
          "attributes": {
            "content": "bffG3aaSuPh-\u003e?#N",
            "content_base64": null,
            "content_base64sha256": "2cP4ZaqWZGwdVN7uyhL6PjDwhZz5pjCBuxyQGXB48kI=",
            "content_base64sha512": "XTYQl+iDd6RiTFykT6twbveU21ucqCVqYIr0zUz/uwerwOc6/QdTyIPCzzEIh1KpE0SiX2mewquSG6oGlOWt2A==",
            "content_md5": "f1cb34934d80327f2770f36bcf9b3611",
            "content_sha1": "910f018d2df0df60d7a4b389c370408be31eedef",
            "content_sha256": "d9c3f865aa96646c1d54deeeca12fa3e30f0859cf9a63081bb1c90197078f242",
            "content_sha512": "5d361097e88377a4624c5ca44fab706ef794db5b9ca8256a608af4cd4cffbb07abc0e73afd0753c883c2cf31088752a91344a25f699ec2ab921baa0694e5add8",
            "directory_permission": "0777",
            "file_permission": "0777",
            "filename": "./dist/password.txt",
            "id": "910f018d2df0df60d7a4b389c370408be31eedef",
            "sensitive_content": null,
            "source": null
          },
          "sensitive_attributes": [
            [
              {
                "type": "get_attr",
                "value": "content"
              }
            ],
            [
              {
                "type": "get_attr",
                "value": "sensitive_content"
              }
            ]
          ],
          "identity_schema_version": 0,
          "dependencies": [
            "random_password.password"
          ]
        }
      ]
    },
    {
      "mode": "managed",
      "type": "local_file",
      "name": "pet_file",
      "provider": "provider[\"registry.terraform.io/hashicorp/local\"]",
      "instances": [
        {
          "schema_version": 0,
          "attributes": {
            "content": "test-holy-starling",
            "content_base64": null,
            "content_base64sha256": "nA7skVDOLU8WNCs75BcMar4rnhEu0z283/zybyXhjnQ=",
            "content_base64sha512": "rFb7azlcGujtzvP0t7SkUmxCj3vxsJOa+Wy6ubGS/jqnLrkYdMYbjlrJitiHv4HpGqfeKUIYENOCcZo0hldOkA==",
            "content_md5": "a770c14d11b77b9005ae0c8595012cc8",
            "content_sha1": "370d25aabbceb1e9dac1b9abd645f36f18bef62c",
            "content_sha256": "9c0eec9150ce2d4f16342b3be4170c6abe2b9e112ed33dbcdffcf26f25e18e74",
            "content_sha512": "ac56fb6b395c1ae8edcef3f4b7b4a4526c428f7bf1b0939af96cbab9b192fe3aa72eb91874c61b8e5ac98ad887bf81e91aa7de29421810d382719a3486574e90",
            "directory_permission": "0777",
            "file_permission": "0777",
            "filename": "./dist/pet.txt",
            "id": "370d25aabbceb1e9dac1b9abd645f36f18bef62c",
            "sensitive_content": null,
            "source": null
          },
          "sensitive_attributes": [
            [
              {
                "type": "get_attr",
                "value": "sensitive_content"
              }
            ]
          ],
          "identity_schema_version": 0,
          "dependencies": [
            "random_pet.pet"
          ]
        }
      ]
    },
    {
      "mode": "managed",
      "type": "random_integer",
      "name": "number",
      "provider": "provider[\"registry.terraform.io/hashicorp/random\"]",
      "instances": [
        {
          "schema_version": 0,
          "attributes": {
            "id": "62",
            "keepers": null,
            "max": 100,
            "min": 10,
            "result": 62,
            "seed": null
          },
          "sensitive_attributes": [],
          "identity_schema_version": 0
        }
      ]
    },
    {
      "mode": "managed",
      "type": "random_password",
      "name": "password",
      "provider": "provider[\"registry.terraform.io/hashicorp/random\"]",
      "instances": [
        {
          "schema_version": 3,
          "attributes": {
            "bcrypt_hash": "$2a$10$Vs85JIdobweV6gKuLoEiw.odfiOAIrv4MSEb29ja08/fnjTJi1yxC",
            "id": "none",
            "keepers": null,
            "length": 16,
            "lower": true,
            "min_lower": 0,
            "min_numeric": 0,
            "min_special": 0,
            "min_upper": 0,
            "number": true,
            "numeric": true,
            "override_special": null,
            "result": "bffG3aaSuPh-\u003e?#N",
            "special": true,
            "upper": true
          },
          "sensitive_attributes": [
            [
              {
                "type": "get_attr",
                "value": "bcrypt_hash"
              }
            ],
            [
              {
                "type": "get_attr",
                "value": "result"
              }
            ]
          ],
          "identity_schema_version": 0
        }
      ]
    },
    {
      "mode": "managed",
      "type": "random_pet",
      "name": "pet",
      "provider": "provider[\"registry.terraform.io/hashicorp/random\"]",
      "instances": [
        {
          "schema_version": 0,
          "attributes": {
            "id": "test-holy-starling",
            "keepers": null,
            "length": 2,
            "prefix": "test",
            "separator": "-"
          },
          "sensitive_attributes": [],
          "identity_schema_version": 0
        }
      ]
    }
  ],
  "check_results": [
    {
      "object_kind": "resource",
      "config_addr": "local_file.pet_file",
      "status": "pass",
      "objects": [
        {
          "object_addr": "local_file.pet_file",
          "status": "pass"
        }
      ]
    },
    {
      "object_kind": "var",
      "config_addr": "var.prefix",
      "status": "pass",
      "objects": [
        {
          "object_addr": "var.prefix",
          "status": "pass"
        }
      ]
    },
    {
      "object_kind": "var",
      "config_addr": "var.separator",
      "status": "pass",
      "objects": [
        {
          "object_addr": "var.separator",
          "status": "pass"
        }
      ]
    },
    {
      "object_kind": "resource",
      "config_addr": "random_pet.pet",
      "status": "pass",
      "objects": [
        {
          "object_addr": "random_pet.pet",
          "status": "pass"
        }
      ]
    }
  ]
}
