{
  "version": 4,
  "terraform_version": "1.13.3",
  "serial": 10,
  "lineage": "5bc9ee1b-b4e2-b38b-6649-b46e1942f682",
  "outputs": {
    "filename": {
      "value": "./dist/pet.txt",
      "type": "string"
    },
    "pet_name": {
      "value": "dev-glorious-goldfish",
      "type": "string"
    }
  },
  "resources": [
    {
      "mode": "managed",
      "type": "local_file",
      "name": "password_file",
      "provider": "provider[\"registry.terraform.io/hashicorp/local\"]",
      "instances": [
        {
          "schema_version": 0,
          "attributes": {
            "content": "bffG3aaSuPh-\u003e?#N",
            "content_base64": null,
            "content_base64sha256": "2cP4ZaqWZGwdVN7uyhL6PjDwhZz5pjCBuxyQGXB48kI=",
            "content_base64sha512": "XTYQl+iDd6RiTFykT6twbveU21ucqCVqYIr0zUz/uwerwOc6/QdTyIPCzzEIh1KpE0SiX2mewquSG6oGlOWt2A==",
            "content_md5": "f1cb34934d80327f2770f36bcf9b3611",
            "content_sha1": "910f018d2df0df60d7a4b389c370408be31eedef",
            "content_sha256": "d9c3f865aa96646c1d54deeeca12fa3e30f0859cf9a63081bb1c90197078f242",
            "content_sha512": "5d361097e88377a4624c5ca44fab706ef794db5b9ca8256a608af4cd4cffbb07abc0e73afd0753c883c2cf31088752a91344a25f699ec2ab921baa0694e5add8",
            "directory_permission": "0777",
            "file_permission": "0777",
            "filename": "./dist/password.txt",
            "id": "910f018d2df0df60d7a4b389c370408be31eedef",
            "sensitive_content": null,
            "source": null
          },
          "sensitive_attributes": [
            [
              {
                "type": "get_attr",
                "value": "content"
              }
            ],
            [
              {
                "type": "get_attr",
                "value": "sensitive_content"
              }
            ]
          ],
          "identity_schema_version": 0,
          "dependencies": [
            "random_password.password"
          ]
        }
      ]
    },
    {
      "mode": "managed",
      "type": "local_file",
      "name": "pet_file",
      "provider": "provider[\"registry.terraform.io/hashicorp/local\"]",
      "instances": [
        {
          "schema_version": 0,
          "attributes": {
            "content": "dev-glorious-goldfish",
            "content_base64": null,
            "content_base64sha256": "Sp3a2wMjFaIRELEhIRyWEOdJGocbgri3hTnioh6VgqQ=",
            "content_base64sha512": "+6G6g9BnitxMmcyV0Ks89DzlLbhqziehBkM1gJZuFBfazEhZLd2O3P+6EJoH6BkmQlBwI5H16YrHn5YLvL+IKw==",
            "content_md5": "8c76d0a3072eb1a52e55f4ccbe2a4a1e",
            "content_sha1": "a66db1916fd1ee040c23b6274588887be47ade36",
            "content_sha256": "4a9ddadb032315a21110b121211c9610e7491a871b82b8b78539e2a21e9582a4",
            "content_sha512": "fba1ba83d0678adc4c99cc95d0ab3cf43ce52db86ace27a106433580966e1417dacc48592ddd8edcffba109a07e819264250702391f5e98ac79f960bbcbf882b",
            "directory_permission": "0777",
            "file_permission": "0777",
            "filename": "./dist/pet.txt",
            "id": "a66db1916fd1ee040c23b6274588887be47ade36",
            "sensitive_content": null,
            "source": null
          },
          "sensitive_attributes": [
            [
              {
                "type": "get_attr",
                "value": "sensitive_content"
              }
            ]
          ],
          "identity_schema_version": 0,
          "dependencies": [
            "random_pet.pet"
          ]
        }
      ]
    },
    {
      "mode": "managed",
      "type": "random_password",
      "name": "password",
      "provider": "provider[\"registry.terraform.io/hashicorp/random\"]",
      "instances": [
        {
          "schema_version": 3,
          "attributes": {
            "bcrypt_hash": "$2a$10$Vs85JIdobweV6gKuLoEiw.odfiOAIrv4MSEb29ja08/fnjTJi1yxC",
            "id": "none",
            "keepers": null,
            "length": 16,
            "lower": true,
            "min_lower": 0,
            "min_numeric": 0,
            "min_special": 0,
            "min_upper": 0,
            "number": true,
            "numeric": true,
            "override_special": null,
            "result": "bffG3aaSuPh-\u003e?#N",
            "special": true,
            "upper": true
          },
          "sensitive_attributes": [
            [
              {
                "type": "get_attr",
                "value": "bcrypt_hash"
              }
            ],
            [
              {
                "type": "get_attr",
                "value": "result"
              }
            ]
          ],
          "identity_schema_version": 0
        }
      ]
    },
    {
      "mode": "managed",
      "type": "random_pet",
      "name": "pet",
      "provider": "provider[\"registry.terraform.io/hashicorp/random\"]",
      "instances": [
        {
          "schema_version": 0,
          "attributes": {
            "id": "dev-glorious-goldfish",
            "keepers": null,
            "length": 2,
            "prefix": "dev",
            "separator": "-"
          },
          "sensitive_attributes": [],
          "identity_schema_version": 0
        }
      ]
    }
  ],
  "check_results": null
}
